
Microsoft Visual Studio Solution File, Format Version 12.00
# Visual Studio 15
VisualStudioVersion = 15.0.27004.2002
MinimumVisualStudioVersion = 10.0.40219.1
Project("{8BC9CEB8-8B4A-11D0-8D11-00A0C91BC942}") = "SummerProject", "SummerProject\SummerProject.vcxproj", "{20113B51-35AF-4D76-A782-A15F798BB322}"
EndProject
Global
	GlobalSection(SolutionConfigurationPlatforms) = preSolution
		Debug|x64 = Debug|x64
		Debug|x86 = Debug|x86
		Release|x64 = Release|x64
		Release|x86 = Release|x86
	EndGlobalSection
	GlobalSection(ProjectConfigurationPlatforms) = postSolution
		{20113B51-35AF-4D76-A782-A15F798BB322}.Debug|x64.ActiveCfg = Debug|x64
		{20113B51-35AF-4D76-A782-A15F798BB322}.Debug|x64.Build.0 = Debug|x64
		{20113B51-35AF-4D76-A782-A15F798BB322}.Debug|x86.ActiveCfg = Release|Win32
		{20113B51-35AF-4D76-A782-A15F798BB322}.Debug|x86.Build.0 = Release|Win32
		{20113B51-35AF-4D76-A782-A15F798BB322}.Release|x64.ActiveCfg = Release|x64
		{20113B51-35AF-4D76-A782-A15F798BB322}.Release|x64.Build.0 = Release|x64
		{20113B51-35AF-4D76-A782-A15F798BB322}.Release|x86.ActiveCfg = Release|Win32
		{20113B51-35AF-4D76-A782-A15F798BB322}.Release|x86.Build.0 = Release|Win32
	EndGlobalSection
	GlobalSection(SolutionProperties) = preSolution
		HideSolutionNode = FALSE
	EndGlobalSection
	GlobalSection(ExtensibilityGlobals) = postSolution
		SolutionGuid = {CD8AE139-CFA8-4244-8F0A-8B8F77BA1D51}
	EndGlobalSection
EndGlobal
